// !$*UTF8*$!
{
	archiveVersion = 1;
	classes = {
	};
	objectVersion = 50;
	objects = {

/* Begin PBXBuildFile section */
		C79B3AAB25C6ED4900FCB5D2 /* AppSearcherApp.swift in Sources */ = {isa = PBXBuildFile; fileRef = C79B3AAA25C6ED4900FCB5D2 /* AppSearcherApp.swift */; };
		C79B3AAD25C6ED4900FCB5D2 /* MainView.swift in Sources */ = {isa = PBXBuildFile; fileRef = C79B3AAC25C6ED4900FCB5D2 /* MainView.swift */; };
		C79B3AAF25C6ED4A00FCB5D2 /* Assets.xcassets in Resources */ = {isa = PBXBuildFile; fileRef = C79B3AAE25C6ED4A00FCB5D2 /* Assets.xcassets */; };
		C79B3AB225C6ED4A00FCB5D2 /* Preview Assets.xcassets in Resources */ = {isa = PBXBuildFile; fileRef = C79B3AB125C6ED4A00FCB5D2 /* Preview Assets.xcassets */; };
		C79B3ABF25C6EF4100FCB5D2 /* SearchTermEntry.swift in Sources */ = {isa = PBXBuildFile; fileRef = C79B3ABE25C6EF4100FCB5D2 /* SearchTermEntry.swift */; };
		C79B3AC325C6F43600FCB5D2 /* Request.swift in Sources */ = {isa = PBXBuildFile; fileRef = C79B3AC225C6F43600FCB5D2 /* Request.swift */; };
		C79B3AC625C6F45900FCB5D2 /* iTunesURLSupport.swift in Sources */ = {isa = PBXBuildFile; fileRef = C79B3AC525C6F45900FCB5D2 /* iTunesURLSupport.swift */; };
		C7FF9E7A25C89288006971EA /* AppDetails.swift in Sources */ = {isa = PBXBuildFile; fileRef = C7FF9E7925C89288006971EA /* AppDetails.swift */; };
		C7FF9E9525C8F3F0006971EA /* AppDetailsView.swift in Sources */ = {isa = PBXBuildFile; fileRef = C7FF9E9425C8F3F0006971EA /* AppDetailsView.swift */; };
/* End PBXBuildFile section */

/* Begin PBXFileReference section */
		C79B3AA725C6ED4900FCB5D2 /* AppSearcher.app */ = {isa = PBXFileReference; explicitFileType = wrapper.application; includeInIndex = 0; path = AppSearcher.app; sourceTree = BUILT_PRODUCTS_DIR; };
		C79B3AAA25C6ED4900FCB5D2 /* AppSearcherApp.swift */ = {isa = PBXFileReference; lastKnownFileType = sourcecode.swift; path = AppSearcherApp.swift; sourceTree = "<group>"; };
		C79B3AAC25C6ED4900FCB5D2 /* MainView.swift */ = {isa = PBXFileReference; lastKnownFileType = sourcecode.swift; path = MainView.swift; sourceTree = "<group>"; };
		C79B3AAE25C6ED4A00FCB5D2 /* Assets.xcassets */ = {isa = PBXFileReference; lastKnownFileType = folder.assetcatalog; path = Assets.xcassets; sourceTree = "<group>"; };
		C79B3AB125C6ED4A00FCB5D2 /* Preview Assets.xcassets */ = {isa = PBXFileReference; lastKnownFileType = folder.assetcatalog; path = "Preview Assets.xcassets"; sourceTree = "<group>"; };
		C79B3AB325C6ED4A00FCB5D2 /* Info.plist */ = {isa = PBXFileReference; lastKnownFileType = text.plist.xml; path = Info.plist; sourceTree = "<group>"; };
		C79B3ABE25C6EF4100FCB5D2 /* SearchTermEntry.swift */ = {isa = PBXFileReference; lastKnownFileType = sourcecode.swift; path = SearchTermEntry.swift; sourceTree = "<group>"; };
		C79B3AC225C6F43600FCB5D2 /* Request.swift */ = {isa = PBXFileReference; lastKnownFileType = sourcecode.swift; path = Request.swift; sourceTree = "<group>"; };
		C79B3AC525C6F45900FCB5D2 /* iTunesURLSupport.swift */ = {isa = PBXFileReference; lastKnownFileType = sourcecode.swift; path = iTunesURLSupport.swift; sourceTree = "<group>"; };
		C7FF9E7925C89288006971EA /* AppDetails.swift */ = {isa = PBXFileReference; lastKnownFileType = sourcecode.swift; path = AppDetails.swift; sourceTree = "<group>"; };
		C7FF9E9425C8F3F0006971EA /* AppDetailsView.swift */ = {isa = PBXFileReference; fileEncoding = 4; lastKnownFileType = sourcecode.swift; path = AppDetailsView.swift; sourceTree = "<group>"; };
/* End PBXFileReference section */

/* Begin PBXFrameworksBuildPhase section */
		C79B3AA425C6ED4900FCB5D2 /* Frameworks */ = {
			isa = PBXFrameworksBuildPhase;
			buildActionMask = 2147483647;
			files = (
			);
			runOnlyForDeploymentPostprocessing = 0;
		};
/* End PBXFrameworksBuildPhase section */

/* Begin PBXGroup section */
		C79B3A9E25C6ED4900FCB5D2 = {
			isa = PBXGroup;
			children = (
				C79B3AA925C6ED4900FCB5D2 /* AppSearcher */,
				C79B3AA825C6ED4900FCB5D2 /* Products */,
			);
			sourceTree = "<group>";
		};
		C79B3AA825C6ED4900FCB5D2 /* Products */ = {
			isa = PBXGroup;
			children = (
				C79B3AA725C6ED4900FCB5D2 /* AppSearcher.app */,
			);
			name = Products;
			sourceTree = "<group>";
		};
		C79B3AA925C6ED4900FCB5D2 /* AppSearcher */ = {
			isa = PBXGroup;
			children = (
				C79B3ABC25C6ED7300FCB5D2 /* Views */,
				C79B3ABA25C6ED5F00FCB5D2 /* Support */,
				C79B3AC225C6F43600FCB5D2 /* Request.swift */,
			);
			path = AppSearcher;
			sourceTree = "<group>";
		};
		C79B3AB025C6ED4A00FCB5D2 /* Preview Content */ = {
			isa = PBXGroup;
			children = (
				C79B3AB125C6ED4A00FCB5D2 /* Preview Assets.xcassets */,
			);
			path = "Preview Content";
			sourceTree = "<group>";
		};
		C79B3ABA25C6ED5F00FCB5D2 /* Support */ = {
			isa = PBXGroup;
			children = (
				C7FF9E7925C89288006971EA /* AppDetails.swift */,
				C79B3AB325C6ED4A00FCB5D2 /* Info.plist */,
				C79B3AAA25C6ED4900FCB5D2 /* AppSearcherApp.swift */,
				C79B3AAE25C6ED4A00FCB5D2 /* Assets.xcassets */,
				C79B3AB025C6ED4A00FCB5D2 /* Preview Content */,
				C79B3AC525C6F45900FCB5D2 /* iTunesURLSupport.swift */,
			);
			name = Support;
			sourceTree = "<group>";
		};
		C79B3ABC25C6ED7300FCB5D2 /* Views */ = {
			isa = PBXGroup;
			children = (
				C7FF9E9425C8F3F0006971EA /* AppDetailsView.swift */,
				C79B3AAC25C6ED4900FCB5D2 /* MainView.swift */,
				C79B3ABE25C6EF4100FCB5D2 /* SearchTermEntry.swift */,
			);
			path = Views;
			sourceTree = "<group>";
		};
/* End PBXGroup section */

/* Begin PBXNativeTarget section */
		C79B3AA625C6ED4900FCB5D2 /* AppSearcher */ = {
			isa = PBXNativeTarget;
			buildConfigurationList = C79B3AB625C6ED4A00FCB5D2 /* Build configuration list for PBXNativeTarget "AppSearcher" */;
			buildPhases = (
				C79B3AA325C6ED4900FCB5D2 /* Sources */,
				C79B3AA425C6ED4900FCB5D2 /* Frameworks */,
				C79B3AA525C6ED4900FCB5D2 /* Resources */,
			);
			buildRules = (
			);
			dependencies = (
			);
			name = AppSearcher;
			productName = AppSearcher;
			productReference = C79B3AA725C6ED4900FCB5D2 /* AppSearcher.app */;
			productType = "com.apple.product-type.application";
		};
/* End PBXNativeTarget section */

/* Begin PBXProject section */
		C79B3A9F25C6ED4900FCB5D2 /* Project object */ = {
			isa = PBXProject;
			attributes = {
				LastSwiftUpdateCheck = 1240;
				LastUpgradeCheck = 1240;
				TargetAttributes = {
					C79B3AA625C6ED4900FCB5D2 = {
						CreatedOnToolsVersion = 12.4;
					};
				};
			};
			buildConfigurationList = C79B3AA225C6ED4900FCB5D2 /* Build configuration list for PBXProject "AppSearcher" */;
			compatibilityVersion = "Xcode 9.3";
			developmentRegion = en;
			hasScannedForEncodings = 0;
			knownRegions = (
				en,
				Base,
			);
			mainGroup = C79B3A9E25C6ED4900FCB5D2;
			productRefGroup = C79B3AA825C6ED4900FCB5D2 /* Products */;
			projectDirPath = "";
			projectRoot = "";
			targets = (
				C79B3AA625C6ED4900FCB5D2 /* AppSearcher */,
			);
		};
/* End PBXProject section */

/* Begin PBXResourcesBuildPhase section */
		C79B3AA525C6ED4900FCB5D2 /* Resources */ = {
			isa = PBXResourcesBuildPhase;
			buildActionMask = 2147483647;
			files = (
				C79B3AB225C6ED4A00FCB5D2 /* Preview Assets.xcassets in Resources */,
				C79B3AAF25C6ED4A00FCB5D2 /* Assets.xcassets in Resources */,
			);
			runOnlyForDeploymentPostprocessing = 0;
		};
/* End PBXResourcesBuildPhase section */

/* Begin PBXSourcesBuildPhase section */
		C79B3AA325C6ED4900FCB5D2 /* Sources */ = {
			isa = PBXSourcesBuildPhase;
			buildActionMask = 2147483647;
			files = (
				C79B3AC625C6F45900FCB5D2 /* iTunesURLSupport.swift in Sources */,
				C79B3ABF25C6EF4100FCB5D2 /* SearchTermEntry.swift in Sources */,
				C7FF9E7A25C89288006971EA /* AppDetails.swift in Sources */,
				C79B3AC325C6F43600FCB5D2 /* Request.swift in Sources */,
				C79B3AAD25C6ED4900FCB5D2 /* MainView.swift in Sources */,
				C79B3AAB25C6ED4900FCB5D2 /* AppSearcherApp.swift in Sources */,
				C7FF9E9525C8F3F0006971EA /* AppDetailsView.swift in Sources */,
			);
			runOnlyForDeploymentPostprocessing = 0;
		};
/* End PBXSourcesBuildPhase section */

/* Begin XCBuildConfiguration section */
		C79B3AB425C6ED4A00FCB5D2 /* Debug */ = {
			isa = XCBuildConfiguration;
			buildSettings = {
				ALWAYS_SEARCH_USER_PATHS = NO;
				CLANG_ANALYZER_NONNULL = YES;
				CLANG_ANALYZER_NUMBER_OBJECT_CONVERSION = YES_AGGRESSIVE;
				CLANG_CXX_LANGUAGE_STANDARD = "gnu++14";
				CLANG_CXX_LIBRARY = "libc++";
				CLANG_ENABLE_MODULES = YES;
				CLANG_ENABLE_OBJC_ARC = YES;
				CLANG_ENABLE_OBJC_WEAK = YES;
				CLANG_WARN_BLOCK_CAPTURE_AUTORELEASING = YES;
				CLANG_WARN_BOOL_CONVERSION = YES;
				CLANG_WARN_COMMA = YES;
				CLANG_WARN_CONSTANT_CONVERSION = YES;
				CLANG_WARN_DEPRECATED_OBJC_IMPLEMENTATIONS = YES;
				CLANG_WARN_DIRECT_OBJC_ISA_USAGE = YES_ERROR;
				CLANG_WARN_DOCUMENTATION_COMMENTS = YES;
				CLANG_WARN_EMPTY_BODY = YES;
				CLANG_WARN_ENUM_CONVERSION = YES;
				CLANG_WARN_INFINITE_RECURSION = YES;
				CLANG_WARN_INT_CONVERSION = YES;
				CLANG_WARN_NON_LITERAL_NULL_CONVERSION = YES;
				CLANG_WARN_OBJC_IMPLICIT_RETAIN_SELF = YES;
				CLANG_WARN_OBJC_LITERAL_CONVERSION = YES;
				CLANG_WARN_OBJC_ROOT_CLASS = YES_ERROR;
				CLANG_WARN_QUOTED_INCLUDE_IN_FRAMEWORK_HEADER = YES;
				CLANG_WARN_RANGE_LOOP_ANALYSIS = YES;
				CLANG_WARN_STRICT_PROTOTYPES = YES;
				CLANG_WARN_SUSPICIOUS_MOVE = YES;
				CLANG_WARN_UNGUARDED_AVAILABILITY = YES_AGGRESSIVE;
				CLANG_WARN_UNREACHABLE_CODE = YES;
				CLANG_WARN__DUPLICATE_METHOD_MATCH = YES;
				COPY_PHASE_STRIP = NO;
				DEBUG_INFORMATION_FORMAT = dwarf;
				ENABLE_STRICT_OBJC_MSGSEND = YES;
				ENABLE_TESTABILITY = YES;
				GCC_C_LANGUAGE_STANDARD = gnu11;
				GCC_DYNAMIC_NO_PIC = NO;
				GCC_NO_COMMON_BLOCKS = YES;
				GCC_OPTIMIZATION_LEVEL = 0;
				GCC_PREPROCESSOR_DEFINITIONS = (
					"DEBUG=1",
					"$(inherited)",
				);
				GCC_WARN_64_TO_32_BIT_CONVERSION = YES;
				GCC_WARN_ABOUT_RETURN_TYPE = YES_ERROR;
				GCC_WARN_UNDECLARED_SELECTOR = YES;
				GCC_WARN_UNINITIALIZED_AUTOS = YES_AGGRESSIVE;
				GCC_WARN_UNUSED_FUNCTION = YES;
				GCC_WARN_UNUSED_VARIABLE = YES;
				IPHONEOS_DEPLOYMENT_TARGET = 14.4;
				MTL_ENABLE_DEBUG_INFO = INCLUDE_SOURCE;
				MTL_FAST_MATH = YES;
				ONLY_ACTIVE_ARCH = YES;
				SDKROOT = iphoneos;
				SWIFT_ACTIVE_COMPILATION_CONDITIONS = DEBUG;
				SWIFT_OPTIMIZATION_LEVEL = "-Onone";
			};
			name = Debug;
		};
		C79B3AB525C6ED4A00FCB5D2 /* Release */ = {
			isa = XCBuildConfiguration;
			buildSettings = {
				ALWAYS_SEARCH_USER_PATHS = NO;
				CLANG_ANALYZER_NONNULL = YES;
				CLANG_ANALYZER_NUMBER_OBJECT_CONVERSION = YES_AGGRESSIVE;
				CLANG_CXX_LANGUAGE_STANDARD = "gnu++14";
				CLANG_CXX_LIBRARY = "libc++";
				CLANG_ENABLE_MODULES = YES;
				CLANG_ENABLE_OBJC_ARC = YES;
				CLANG_ENABLE_OBJC_WEAK = YES;
				CLANG_WARN_BLOCK_CAPTURE_AUTORELEASING = YES;
				CLANG_WARN_BOOL_CONVERSION = YES;
				CLANG_WARN_COMMA = YES;
				CLANG_WARN_CONSTANT_CONVERSION = YES;
				CLANG_WARN_DEPRECATED_OBJC_IMPLEMENTATIONS = YES;
				CLANG_WARN_DIRECT_OBJC_ISA_USAGE = YES_ERROR;
				CLANG_WARN_DOCUMENTATION_COMMENTS = YES;
				CLANG_WARN_EMPTY_BODY = YES;
				CLANG_WARN_ENUM_CONVERSION = YES;
				CLANG_WARN_INFINITE_RECURSION = YES;
				CLANG_WARN_INT_CONVERSION = YES;
				CLANG_WARN_NON_LITERAL_NULL_CONVERSION = YES;
				CLANG_WARN_OBJC_IMPLICIT_RETAIN_SELF = YES;
				CLANG_WARN_OBJC_LITERAL_CONVERSION = YES;
				CLANG_WARN_OBJC_ROOT_CLASS = YES_ERROR;
				CLANG_WARN_QUOTED_INCLUDE_IN_FRAMEWORK_HEADER = YES;
				CLANG_WARN_RANGE_LOOP_ANALYSIS = YES;
				CLANG_WARN_STRICT_PROTOTYPES = YES;
				CLANG_WARN_SUSPICIOUS_MOVE = YES;
				CLANG_WARN_UNGUARDED_AVAILABILITY = YES_AGGRESSIVE;
				CLANG_WARN_UNREACHABLE_CODE = YES;
				CLANG_WARN__DUPLICATE_METHOD_MATCH = YES;
				COPY_PHASE_STRIP = NO;
				DEBUG_INFORMATION_FORMAT = "dwarf-with-dsym";
				ENABLE_NS_ASSERTIONS = NO;
				ENABLE_STRICT_OBJC_MSGSEND = YES;
				GCC_C_LANGUAGE_STANDARD = gnu11;
				GCC_NO_COMMON_BLOCKS = YES;
				GCC_WARN_64_TO_32_BIT_CONVERSION = YES;
				GCC_WARN_ABOUT_RETURN_TYPE = YES_ERROR;
				GCC_WARN_UNDECLARED_SELECTOR = YES;
				GCC_WARN_UNINITIALIZED_AUTOS = YES_AGGRESSIVE;
				GCC_WARN_UNUSED_FUNCTION = YES;
				GCC_WARN_UNUSED_VARIABLE = YES;
				IPHONEOS_DEPLOYMENT_TARGET = 14.4;
				MTL_ENABLE_DEBUG_INFO = NO;
				MTL_FAST_MATH = YES;
				SDKROOT = iphoneos;
				SWIFT_COMPILATION_MODE = wholemodule;
				SWIFT_OPTIMIZATION_LEVEL = "-O";
				VALIDATE_PRODUCT = YES;
			};
			name = Release;
		};
		C79B3AB725C6ED4A00FCB5D2 /* Debug */ = {
			isa = XCBuildConfiguration;
			buildSettings = {
				ASSETCATALOG_COMPILER_APPICON_NAME = AppIcon;
				ASSETCATALOG_COMPILER_GLOBAL_ACCENT_COLOR_NAME = AccentColor;
				CODE_SIGN_STYLE = Automatic;
				DEVELOPMENT_ASSET_PATHS = "\"AppSearcher/Preview Content\"";
				DEVELOPMENT_TEAM = MG5SW9CY8D;
				ENABLE_PREVIEWS = YES;
				INFOPLIST_FILE = AppSearcher/Info.plist;
				IPHONEOS_DEPLOYMENT_TARGET = 14.0;
				LD_RUNPATH_SEARCH_PATHS = (
					"$(inherited)",
					"@executable_path/Frameworks",
				);
				PRODUCT_BUNDLE_IDENTIFIER = com.dimsumthinking.AppSearcher;
				PRODUCT_NAME = "$(TARGET_NAME)";
				SWIFT_VERSION = 5.0;
				TARGETED_DEVICE_FAMILY = "1,2";
			};
			name = Debug;
		};
		C79B3AB825C6ED4A00FCB5D2 /* Release */ = {
			isa = XCBuildConfiguration;
			buildSettings = {
				ASSETCATALOG_COMPILER_APPICON_NAME = AppIcon;
				ASSETCATALOG_COMPILER_GLOBAL_ACCENT_COLOR_NAME = AccentColor;
				CODE_SIGN_STYLE = Automatic;
				DEVELOPMENT_ASSET_PATHS = "\"AppSearcher/Preview Content\"";
				DEVELOPMENT_TEAM = MG5SW9CY8D;
				ENABLE_PREVIEWS = YES;
				INFOPLIST_FILE = AppSearcher/Info.plist;
				IPHONEOS_DEPLOYMENT_TARGET = 14.0;
				LD_RUNPATH_SEARCH_PATHS = (
					"$(inherited)",
					"@executable_path/Frameworks",
				);
				PRODUCT_BUNDLE_IDENTIFIER = com.dimsumthinking.AppSearcher;
				PRODUCT_NAME = "$(TARGET_NAME)";
				SWIFT_VERSION = 5.0;
				TARGETED_DEVICE_FAMILY = "1,2";
			};
			name = Release;
		};
/* End XCBuildConfiguration section */

/* Begin XCConfigurationList section */
		C79B3AA225C6ED4900FCB5D2 /* Build configuration list for PBXProject "AppSearcher" */ = {
			isa = XCConfigurationList;
			buildConfigurations = (
				C79B3AB425C6ED4A00FCB5D2 /* Debug */,
				C79B3AB525C6ED4A00FCB5D2 /* Release */,
			);
			defaultConfigurationIsVisible = 0;
			defaultConfigurationName = Release;
		};
		C79B3AB625C6ED4A00FCB5D2 /* Build configuration list for PBXNativeTarget "AppSearcher" */ = {
			isa = XCConfigurationList;
			buildConfigurations = (
				C79B3AB725C6ED4A00FCB5D2 /* Debug */,
				C79B3AB825C6ED4A00FCB5D2 /* Release */,
			);
			defaultConfigurationIsVisible = 0;
			defaultConfigurationName = Release;
		};
/* End XCConfigurationList section */
	};
	rootObject = C79B3A9F25C6ED4900FCB5D2 /* Project object */;
}
