// !$*UTF8*$!
{
	archiveVersion = 1;
	classes = {
	};
	objectVersion = 50;
	objects = {

/* Begin PBXBuildFile section */
		62FD658425AF3FCE0075750F /* DiceApp.swift in Sources */ = {isa = PBXBuildFile; fileRef = 62FD658325AF3FCE0075750F /* DiceApp.swift */; };
		62FD658625AF3FCE0075750F /* ContentView.swift in Sources */ = {isa = PBXBuildFile; fileRef = 62FD658525AF3FCE0075750F /* ContentView.swift */; };
		62FD658825AF3FCF0075750F /* Assets.xcassets in Resources */ = {isa = PBXBuildFile; fileRef = 62FD658725AF3FCF0075750F /* Assets.xcassets */; };
		62FD658B25AF3FCF0075750F /* Preview Assets.xcassets in Resources */ = {isa = PBXBuildFile; fileRef = 62FD658A25AF3FCF0075750F /* Preview Assets.xcassets */; };
		62FD659625AF429D0075750F /* DieView.swift in Sources */ = {isa = PBXBuildFile; fileRef = 62FD659525AF429D0075750F /* DieView.swift */; };
		62FD659925AF55710075750F /* Die.swift in Sources */ = {isa = PBXBuildFile; fileRef = 62FD659825AF55710075750F /* Die.swift */; };
		62FD659C25AF58C80075750F /* Board.swift in Sources */ = {isa = PBXBuildFile; fileRef = 62FD659B25AF58C80075750F /* Board.swift */; };
		C781312E25BF160E00FDD286 /* DieViewPreviousFive.swift in Sources */ = {isa = PBXBuildFile; fileRef = C781312D25BF160E00FDD286 /* DieViewPreviousFive.swift */; };
		C781314925BF680F00FDD286 /* Formatter.swift in Sources */ = {isa = PBXBuildFile; fileRef = C781314825BF680F00FDD286 /* Formatter.swift */; };
		C781314D25BFBE4500FDD286 /* TallyView.swift in Sources */ = {isa = PBXBuildFile; fileRef = C781314C25BFBE4500FDD286 /* TallyView.swift */; };
/* End PBXBuildFile section */

/* Begin PBXFileReference section */
		62FD658025AF3FCE0075750F /* Dice.app */ = {isa = PBXFileReference; explicitFileType = wrapper.application; includeInIndex = 0; path = Dice.app; sourceTree = BUILT_PRODUCTS_DIR; };
		62FD658325AF3FCE0075750F /* DiceApp.swift */ = {isa = PBXFileReference; lastKnownFileType = sourcecode.swift; path = DiceApp.swift; sourceTree = "<group>"; };
		62FD658525AF3FCE0075750F /* ContentView.swift */ = {isa = PBXFileReference; lastKnownFileType = sourcecode.swift; path = ContentView.swift; sourceTree = "<group>"; };
		62FD658725AF3FCF0075750F /* Assets.xcassets */ = {isa = PBXFileReference; lastKnownFileType = folder.assetcatalog; path = Assets.xcassets; sourceTree = "<group>"; };
		62FD658A25AF3FCF0075750F /* Preview Assets.xcassets */ = {isa = PBXFileReference; lastKnownFileType = folder.assetcatalog; path = "Preview Assets.xcassets"; sourceTree = "<group>"; };
		62FD658C25AF3FCF0075750F /* Info.plist */ = {isa = PBXFileReference; lastKnownFileType = text.plist.xml; path = Info.plist; sourceTree = "<group>"; };
		62FD659525AF429D0075750F /* DieView.swift */ = {isa = PBXFileReference; lastKnownFileType = sourcecode.swift; path = DieView.swift; sourceTree = "<group>"; };
		62FD659825AF55710075750F /* Die.swift */ = {isa = PBXFileReference; lastKnownFileType = sourcecode.swift; path = Die.swift; sourceTree = "<group>"; };
		62FD659B25AF58C80075750F /* Board.swift */ = {isa = PBXFileReference; lastKnownFileType = sourcecode.swift; path = Board.swift; sourceTree = "<group>"; };
		C781312D25BF160E00FDD286 /* DieViewPreviousFive.swift */ = {isa = PBXFileReference; lastKnownFileType = sourcecode.swift; path = DieViewPreviousFive.swift; sourceTree = "<group>"; };
		C781314825BF680F00FDD286 /* Formatter.swift */ = {isa = PBXFileReference; fileEncoding = 4; lastKnownFileType = sourcecode.swift; path = Formatter.swift; sourceTree = "<group>"; };
		C781314C25BFBE4500FDD286 /* TallyView.swift */ = {isa = PBXFileReference; lastKnownFileType = sourcecode.swift; path = TallyView.swift; sourceTree = "<group>"; };
/* End PBXFileReference section */

/* Begin PBXFrameworksBuildPhase section */
		62FD657D25AF3FCE0075750F /* Frameworks */ = {
			isa = PBXFrameworksBuildPhase;
			buildActionMask = 2147483647;
			files = (
			);
			runOnlyForDeploymentPostprocessing = 0;
		};
/* End PBXFrameworksBuildPhase section */

/* Begin PBXGroup section */
		62FD657725AF3FCE0075750F = {
			isa = PBXGroup;
			children = (
				62FD658225AF3FCE0075750F /* Dice */,
				62FD658125AF3FCE0075750F /* Products */,
			);
			sourceTree = "<group>";
		};
		62FD658125AF3FCE0075750F /* Products */ = {
			isa = PBXGroup;
			children = (
				62FD658025AF3FCE0075750F /* Dice.app */,
			);
			name = Products;
			sourceTree = "<group>";
		};
		62FD658225AF3FCE0075750F /* Dice */ = {
			isa = PBXGroup;
			children = (
				62FD659325AF3FD60075750F /* Support */,
				C7DF114025BC96F200AC4D8E /* Views */,
				62FD659825AF55710075750F /* Die.swift */,
				62FD659B25AF58C80075750F /* Board.swift */,
			);
			path = Dice;
			sourceTree = "<group>";
		};
		62FD658925AF3FCF0075750F /* Preview Content */ = {
			isa = PBXGroup;
			children = (
				62FD658A25AF3FCF0075750F /* Preview Assets.xcassets */,
			);
			path = "Preview Content";
			sourceTree = "<group>";
		};
		62FD659325AF3FD60075750F /* Support */ = {
			isa = PBXGroup;
			children = (
				C781314825BF680F00FDD286 /* Formatter.swift */,
				62FD658325AF3FCE0075750F /* DiceApp.swift */,
				62FD658725AF3FCF0075750F /* Assets.xcassets */,
				62FD658C25AF3FCF0075750F /* Info.plist */,
				62FD658925AF3FCF0075750F /* Preview Content */,
			);
			name = Support;
			sourceTree = "<group>";
		};
		C7DF114025BC96F200AC4D8E /* Views */ = {
			isa = PBXGroup;
			children = (
				62FD658525AF3FCE0075750F /* ContentView.swift */,
				62FD659525AF429D0075750F /* DieView.swift */,
				C781312D25BF160E00FDD286 /* DieViewPreviousFive.swift */,
				C781314C25BFBE4500FDD286 /* TallyView.swift */,
			);
			path = Views;
			sourceTree = "<group>";
		};
/* End PBXGroup section */

/* Begin PBXNativeTarget section */
		62FD657F25AF3FCE0075750F /* Dice */ = {
			isa = PBXNativeTarget;
			buildConfigurationList = 62FD658F25AF3FCF0075750F /* Build configuration list for PBXNativeTarget "Dice" */;
			buildPhases = (
				62FD657C25AF3FCE0075750F /* Sources */,
				62FD657D25AF3FCE0075750F /* Frameworks */,
				62FD657E25AF3FCE0075750F /* Resources */,
			);
			buildRules = (
			);
			dependencies = (
			);
			name = Dice;
			productName = Dice;
			productReference = 62FD658025AF3FCE0075750F /* Dice.app */;
			productType = "com.apple.product-type.application";
		};
/* End PBXNativeTarget section */

/* Begin PBXProject section */
		62FD657825AF3FCE0075750F /* Project object */ = {
			isa = PBXProject;
			attributes = {
				LastSwiftUpdateCheck = 1230;
				LastUpgradeCheck = 1230;
				TargetAttributes = {
					62FD657F25AF3FCE0075750F = {
						CreatedOnToolsVersion = 12.3;
					};
				};
			};
			buildConfigurationList = 62FD657B25AF3FCE0075750F /* Build configuration list for PBXProject "Dice" */;
			compatibilityVersion = "Xcode 9.3";
			developmentRegion = en;
			hasScannedForEncodings = 0;
			knownRegions = (
				en,
				Base,
			);
			mainGroup = 62FD657725AF3FCE0075750F;
			productRefGroup = 62FD658125AF3FCE0075750F /* Products */;
			projectDirPath = "";
			projectRoot = "";
			targets = (
				62FD657F25AF3FCE0075750F /* Dice */,
			);
		};
/* End PBXProject section */

/* Begin PBXResourcesBuildPhase section */
		62FD657E25AF3FCE0075750F /* Resources */ = {
			isa = PBXResourcesBuildPhase;
			buildActionMask = 2147483647;
			files = (
				62FD658B25AF3FCF0075750F /* Preview Assets.xcassets in Resources */,
				62FD658825AF3FCF0075750F /* Assets.xcassets in Resources */,
			);
			runOnlyForDeploymentPostprocessing = 0;
		};
/* End PBXResourcesBuildPhase section */

/* Begin PBXSourcesBuildPhase section */
		62FD657C25AF3FCE0075750F /* Sources */ = {
			isa = PBXSourcesBuildPhase;
			buildActionMask = 2147483647;
			files = (
				62FD658625AF3FCE0075750F /* ContentView.swift in Sources */,
				62FD658425AF3FCE0075750F /* DiceApp.swift in Sources */,
				62FD659C25AF58C80075750F /* Board.swift in Sources */,
				C781314D25BFBE4500FDD286 /* TallyView.swift in Sources */,
				C781314925BF680F00FDD286 /* Formatter.swift in Sources */,
				C781312E25BF160E00FDD286 /* DieViewPreviousFive.swift in Sources */,
				62FD659925AF55710075750F /* Die.swift in Sources */,
				62FD659625AF429D0075750F /* DieView.swift in Sources */,
			);
			runOnlyForDeploymentPostprocessing = 0;
		};
/* End PBXSourcesBuildPhase section */

/* Begin XCBuildConfiguration section */
		62FD658D25AF3FCF0075750F /* Debug */ = {
			isa = XCBuildConfiguration;
			buildSettings = {
				ALWAYS_SEARCH_USER_PATHS = NO;
				CLANG_ANALYZER_NONNULL = YES;
				CLANG_ANALYZER_NUMBER_OBJECT_CONVERSION = YES_AGGRESSIVE;
				CLANG_CXX_LANGUAGE_STANDARD = "gnu++14";
				CLANG_CXX_LIBRARY = "libc++";
				CLANG_ENABLE_MODULES = YES;
				CLANG_ENABLE_OBJC_ARC = YES;
				CLANG_ENABLE_OBJC_WEAK = YES;
				CLANG_WARN_BLOCK_CAPTURE_AUTORELEASING = YES;
				CLANG_WARN_BOOL_CONVERSION = YES;
				CLANG_WARN_COMMA = YES;
				CLANG_WARN_CONSTANT_CONVERSION = YES;
				CLANG_WARN_DEPRECATED_OBJC_IMPLEMENTATIONS = YES;
				CLANG_WARN_DIRECT_OBJC_ISA_USAGE = YES_ERROR;
				CLANG_WARN_DOCUMENTATION_COMMENTS = YES;
				CLANG_WARN_EMPTY_BODY = YES;
				CLANG_WARN_ENUM_CONVERSION = YES;
				CLANG_WARN_INFINITE_RECURSION = YES;
				CLANG_WARN_INT_CONVERSION = YES;
				CLANG_WARN_NON_LITERAL_NULL_CONVERSION = YES;
				CLANG_WARN_OBJC_IMPLICIT_RETAIN_SELF = YES;
				CLANG_WARN_OBJC_LITERAL_CONVERSION = YES;
				CLANG_WARN_OBJC_ROOT_CLASS = YES_ERROR;
				CLANG_WARN_QUOTED_INCLUDE_IN_FRAMEWORK_HEADER = YES;
				CLANG_WARN_RANGE_LOOP_ANALYSIS = YES;
				CLANG_WARN_STRICT_PROTOTYPES = YES;
				CLANG_WARN_SUSPICIOUS_MOVE = YES;
				CLANG_WARN_UNGUARDED_AVAILABILITY = YES_AGGRESSIVE;
				CLANG_WARN_UNREACHABLE_CODE = YES;
				CLANG_WARN__DUPLICATE_METHOD_MATCH = YES;
				COPY_PHASE_STRIP = NO;
				DEBUG_INFORMATION_FORMAT = dwarf;
				ENABLE_STRICT_OBJC_MSGSEND = YES;
				ENABLE_TESTABILITY = YES;
				GCC_C_LANGUAGE_STANDARD = gnu11;
				GCC_DYNAMIC_NO_PIC = NO;
				GCC_NO_COMMON_BLOCKS = YES;
				GCC_OPTIMIZATION_LEVEL = 0;
				GCC_PREPROCESSOR_DEFINITIONS = (
					"DEBUG=1",
					"$(inherited)",
				);
				GCC_WARN_64_TO_32_BIT_CONVERSION = YES;
				GCC_WARN_ABOUT_RETURN_TYPE = YES_ERROR;
				GCC_WARN_UNDECLARED_SELECTOR = YES;
				GCC_WARN_UNINITIALIZED_AUTOS = YES_AGGRESSIVE;
				GCC_WARN_UNUSED_FUNCTION = YES;
				GCC_WARN_UNUSED_VARIABLE = YES;
				IPHONEOS_DEPLOYMENT_TARGET = 14.3;
				MTL_ENABLE_DEBUG_INFO = INCLUDE_SOURCE;
				MTL_FAST_MATH = YES;
				ONLY_ACTIVE_ARCH = YES;
				SDKROOT = iphoneos;
				SWIFT_ACTIVE_COMPILATION_CONDITIONS = DEBUG;
				SWIFT_OPTIMIZATION_LEVEL = "-Onone";
			};
			name = Debug;
		};
		62FD658E25AF3FCF0075750F /* Release */ = {
			isa = XCBuildConfiguration;
			buildSettings = {
				ALWAYS_SEARCH_USER_PATHS = NO;
				CLANG_ANALYZER_NONNULL = YES;
				CLANG_ANALYZER_NUMBER_OBJECT_CONVERSION = YES_AGGRESSIVE;
				CLANG_CXX_LANGUAGE_STANDARD = "gnu++14";
				CLANG_CXX_LIBRARY = "libc++";
				CLANG_ENABLE_MODULES = YES;
				CLANG_ENABLE_OBJC_ARC = YES;
				CLANG_ENABLE_OBJC_WEAK = YES;
				CLANG_WARN_BLOCK_CAPTURE_AUTORELEASING = YES;
				CLANG_WARN_BOOL_CONVERSION = YES;
				CLANG_WARN_COMMA = YES;
				CLANG_WARN_CONSTANT_CONVERSION = YES;
				CLANG_WARN_DEPRECATED_OBJC_IMPLEMENTATIONS = YES;
				CLANG_WARN_DIRECT_OBJC_ISA_USAGE = YES_ERROR;
				CLANG_WARN_DOCUMENTATION_COMMENTS = YES;
				CLANG_WARN_EMPTY_BODY = YES;
				CLANG_WARN_ENUM_CONVERSION = YES;
				CLANG_WARN_INFINITE_RECURSION = YES;
				CLANG_WARN_INT_CONVERSION = YES;
				CLANG_WARN_NON_LITERAL_NULL_CONVERSION = YES;
				CLANG_WARN_OBJC_IMPLICIT_RETAIN_SELF = YES;
				CLANG_WARN_OBJC_LITERAL_CONVERSION = YES;
				CLANG_WARN_OBJC_ROOT_CLASS = YES_ERROR;
				CLANG_WARN_QUOTED_INCLUDE_IN_FRAMEWORK_HEADER = YES;
				CLANG_WARN_RANGE_LOOP_ANALYSIS = YES;
				CLANG_WARN_STRICT_PROTOTYPES = YES;
				CLANG_WARN_SUSPICIOUS_MOVE = YES;
				CLANG_WARN_UNGUARDED_AVAILABILITY = YES_AGGRESSIVE;
				CLANG_WARN_UNREACHABLE_CODE = YES;
				CLANG_WARN__DUPLICATE_METHOD_MATCH = YES;
				COPY_PHASE_STRIP = NO;
				DEBUG_INFORMATION_FORMAT = "dwarf-with-dsym";
				ENABLE_NS_ASSERTIONS = NO;
				ENABLE_STRICT_OBJC_MSGSEND = YES;
				GCC_C_LANGUAGE_STANDARD = gnu11;
				GCC_NO_COMMON_BLOCKS = YES;
				GCC_WARN_64_TO_32_BIT_CONVERSION = YES;
				GCC_WARN_ABOUT_RETURN_TYPE = YES_ERROR;
				GCC_WARN_UNDECLARED_SELECTOR = YES;
				GCC_WARN_UNINITIALIZED_AUTOS = YES_AGGRESSIVE;
				GCC_WARN_UNUSED_FUNCTION = YES;
				GCC_WARN_UNUSED_VARIABLE = YES;
				IPHONEOS_DEPLOYMENT_TARGET = 14.3;
				MTL_ENABLE_DEBUG_INFO = NO;
				MTL_FAST_MATH = YES;
				SDKROOT = iphoneos;
				SWIFT_COMPILATION_MODE = wholemodule;
				SWIFT_OPTIMIZATION_LEVEL = "-O";
				VALIDATE_PRODUCT = YES;
			};
			name = Release;
		};
		62FD659025AF3FCF0075750F /* Debug */ = {
			isa = XCBuildConfiguration;
			buildSettings = {
				ASSETCATALOG_COMPILER_APPICON_NAME = AppIcon;
				ASSETCATALOG_COMPILER_GLOBAL_ACCENT_COLOR_NAME = AccentColor;
				CODE_SIGN_STYLE = Automatic;
				DEVELOPMENT_ASSET_PATHS = "\"Dice/Preview Content\"";
				ENABLE_PREVIEWS = YES;
				INFOPLIST_FILE = Dice/Info.plist;
				IPHONEOS_DEPLOYMENT_TARGET = 14.0;
				LD_RUNPATH_SEARCH_PATHS = (
					"$(inherited)",
					"@executable_path/Frameworks",
				);
				PRODUCT_BUNDLE_IDENTIFIER = com.dimsumthinking.Dice;
				PRODUCT_NAME = "$(TARGET_NAME)";
				SWIFT_VERSION = 5.0;
				TARGETED_DEVICE_FAMILY = "1,2";
			};
			name = Debug;
		};
		62FD659125AF3FCF0075750F /* Release */ = {
			isa = XCBuildConfiguration;
			buildSettings = {
				ASSETCATALOG_COMPILER_APPICON_NAME = AppIcon;
				ASSETCATALOG_COMPILER_GLOBAL_ACCENT_COLOR_NAME = AccentColor;
				CODE_SIGN_STYLE = Automatic;
				DEVELOPMENT_ASSET_PATHS = "\"Dice/Preview Content\"";
				ENABLE_PREVIEWS = YES;
				INFOPLIST_FILE = Dice/Info.plist;
				IPHONEOS_DEPLOYMENT_TARGET = 14.0;
				LD_RUNPATH_SEARCH_PATHS = (
					"$(inherited)",
					"@executable_path/Frameworks",
				);
				PRODUCT_BUNDLE_IDENTIFIER = com.dimsumthinking.Dice;
				PRODUCT_NAME = "$(TARGET_NAME)";
				SWIFT_VERSION = 5.0;
				TARGETED_DEVICE_FAMILY = "1,2";
			};
			name = Release;
		};
/* End XCBuildConfiguration section */

/* Begin XCConfigurationList section */
		62FD657B25AF3FCE0075750F /* Build configuration list for PBXProject "Dice" */ = {
			isa = XCConfigurationList;
			buildConfigurations = (
				62FD658D25AF3FCF0075750F /* Debug */,
				62FD658E25AF3FCF0075750F /* Release */,
			);
			defaultConfigurationIsVisible = 0;
			defaultConfigurationName = Release;
		};
		62FD658F25AF3FCF0075750F /* Build configuration list for PBXNativeTarget "Dice" */ = {
			isa = XCConfigurationList;
			buildConfigurations = (
				62FD659025AF3FCF0075750F /* Debug */,
				62FD659125AF3FCF0075750F /* Release */,
			);
			defaultConfigurationIsVisible = 0;
			defaultConfigurationName = Release;
		};
/* End XCConfigurationList section */
	};
	rootObject = 62FD657825AF3FCE0075750F /* Project object */;
}
